
Microsoft Visual Studio Solution File, Format Version 12.00
# Visual Studio Version 17
VisualStudioVersion = 17.3.32901.215
MinimumVisualStudioVersion = 10.0.40219.1
Project("{9A19103F-16F7-4668-BE54-9A1E7A4F7556}") = "epi-site1", "epi-site1.csproj", "{AFE5617E-B846-4DEC-826B-79D3674798E4}"
EndProject
Global
	GlobalSection(SolutionConfigurationPlatforms) = preSolution
		Debug|Any CPU = Debug|Any CPU
		Release|Any CPU = Release|Any CPU
	EndGlobalSection
	GlobalSection(ProjectConfigurationPlatforms) = postSolution
		{AFE5617E-B846-4DEC-826B-79D3674798E4}.Debug|Any CPU.ActiveCfg = Debug|Any CPU
		{AFE5617E-B846-4DEC-826B-79D3674798E4}.Debug|Any CPU.Build.0 = Debug|Any CPU
		{AFE5617E-B846-4DEC-826B-79D3674798E4}.Release|Any CPU.ActiveCfg = Release|Any CPU
		{AFE5617E-B846-4DEC-826B-79D3674798E4}.Release|Any CPU.Build.0 = Release|Any CPU
	EndGlobalSection
	GlobalSection(SolutionProperties) = preSolution
		HideSolutionNode = FALSE
	EndGlobalSection
	GlobalSection(ExtensibilityGlobals) = postSolution
		SolutionGuid = {6CB1B962-DF95-4382-8B69-6DFB4EA1759D}
	EndGlobalSection
EndGlobal
